// !$*UTF8*$!
{
	archiveVersion = 1;
	classes = {
	};
	objectVersion = 50;
	objects = {

/* Begin PBXBuildFile section */
		544E5C6C2420A97A00DD8836 /* AppDelegate.swift in Sources */ = {isa = PBXBuildFile; fileRef = 544E5C6B2420A97A00DD8836 /* AppDelegate.swift */; };
		544E5C6E2420A97A00DD8836 /* SceneDelegate.swift in Sources */ = {isa = PBXBuildFile; fileRef = 544E5C6D2420A97A00DD8836 /* SceneDelegate.swift */; };
		544E5C702420A97A00DD8836 /* ViewController.swift in Sources */ = {isa = PBXBuildFile; fileRef = 544E5C6F2420A97A00DD8836 /* ViewController.swift */; };
		544E5C732420A97A00DD8836 /* Main.storyboard in Resources */ = {isa = PBXBuildFile; fileRef = 544E5C712420A97A00DD8836 /* Main.storyboard */; };
		544E5C752420A97F00DD8836 /* Assets.xcassets in Resources */ = {isa = PBXBuildFile; fileRef = 544E5C742420A97F00DD8836 /* Assets.xcassets */; };
		544E5C782420A97F00DD8836 /* LaunchScreen.storyboard in Resources */ = {isa = PBXBuildFile; fileRef = 544E5C762420A97F00DD8836 /* LaunchScreen.storyboard */; };
		544E5C802420ACAF00DD8836 /* MobileNetV2.mlmodel in Sources */ = {isa = PBXBuildFile; fileRef = 544E5C7F2420ACAF00DD8836 /* MobileNetV2.mlmodel */; };
/* End PBXBuildFile section */

/* Begin PBXFileReference section */
		544E5C682420A97A00DD8836 /* MachineLearningSimpleApp.app */ = {isa = PBXFileReference; explicitFileType = wrapper.application; includeInIndex = 0; path = MachineLearningSimpleApp.app; sourceTree = BUILT_PRODUCTS_DIR; };
		544E5C6B2420A97A00DD8836 /* AppDelegate.swift */ = {isa = PBXFileReference; lastKnownFileType = sourcecode.swift; path = AppDelegate.swift; sourceTree = "<group>"; };
		544E5C6D2420A97A00DD8836 /* SceneDelegate.swift */ = {isa = PBXFileReference; lastKnownFileType = sourcecode.swift; path = SceneDelegate.swift; sourceTree = "<group>"; };
		544E5C6F2420A97A00DD8836 /* ViewController.swift */ = {isa = PBXFileReference; lastKnownFileType = sourcecode.swift; path = ViewController.swift; sourceTree = "<group>"; };
		544E5C722420A97A00DD8836 /* Base */ = {isa = PBXFileReference; lastKnownFileType = file.storyboard; name = Base; path = Base.lproj/Main.storyboard; sourceTree = "<group>"; };
		544E5C742420A97F00DD8836 /* Assets.xcassets */ = {isa = PBXFileReference; lastKnownFileType = folder.assetcatalog; path = Assets.xcassets; sourceTree = "<group>"; };
		544E5C772420A97F00DD8836 /* Base */ = {isa = PBXFileReference; lastKnownFileType = file.storyboard; name = Base; path = Base.lproj/LaunchScreen.storyboard; sourceTree = "<group>"; };
		544E5C792420A97F00DD8836 /* Info.plist */ = {isa = PBXFileReference; lastKnownFileType = text.plist.xml; path = Info.plist; sourceTree = "<group>"; };
		544E5C7F2420ACAF00DD8836 /* MobileNetV2.mlmodel */ = {isa = PBXFileReference; lastKnownFileType = file.mlmodel; path = MobileNetV2.mlmodel; sourceTree = "<group>"; };
/* End PBXFileReference section */

/* Begin PBXFrameworksBuildPhase section */
		544E5C652420A97A00DD8836 /* Frameworks */ = {
			isa = PBXFrameworksBuildPhase;
			buildActionMask = 2147483647;
			files = (
			);
			runOnlyForDeploymentPostprocessing = 0;
		};
/* End PBXFrameworksBuildPhase section */

/* Begin PBXGroup section */
		544E5C5F2420A97A00DD8836 = {
			isa = PBXGroup;
			children = (
				544E5C6A2420A97A00DD8836 /* MachineLearningSimpleApp */,
				544E5C692420A97A00DD8836 /* Products */,
			);
			sourceTree = "<group>";
		};
		544E5C692420A97A00DD8836 /* Products */ = {
			isa = PBXGroup;
			children = (
				544E5C682420A97A00DD8836 /* MachineLearningSimpleApp.app */,
			);
			name = Products;
			sourceTree = "<group>";
		};
		544E5C6A2420A97A00DD8836 /* MachineLearningSimpleApp */ = {
			isa = PBXGroup;
			children = (
				544E5C6B2420A97A00DD8836 /* AppDelegate.swift */,
				544E5C6D2420A97A00DD8836 /* SceneDelegate.swift */,
				544E5C6F2420A97A00DD8836 /* ViewController.swift */,
				544E5C712420A97A00DD8836 /* Main.storyboard */,
				544E5C742420A97F00DD8836 /* Assets.xcassets */,
				544E5C762420A97F00DD8836 /* LaunchScreen.storyboard */,
				544E5C7F2420ACAF00DD8836 /* MobileNetV2.mlmodel */,
				544E5C792420A97F00DD8836 /* Info.plist */,
			);
			path = MachineLearningSimpleApp;
			sourceTree = "<group>";
		};
/* End PBXGroup section */

/* Begin PBXNativeTarget section */
		544E5C672420A97A00DD8836 /* MachineLearningSimpleApp */ = {
			isa = PBXNativeTarget;
			buildConfigurationList = 544E5C7C2420A97F00DD8836 /* Build configuration list for PBXNativeTarget "MachineLearningSimpleApp" */;
			buildPhases = (
				544E5C642420A97A00DD8836 /* Sources */,
				544E5C652420A97A00DD8836 /* Frameworks */,
				544E5C662420A97A00DD8836 /* Resources */,
			);
			buildRules = (
			);
			dependencies = (
			);
			name = MachineLearningSimpleApp;
			productName = MachineLearningSimpleApp;
			productReference = 544E5C682420A97A00DD8836 /* MachineLearningSimpleApp.app */;
			productType = "com.apple.product-type.application";
		};
/* End PBXNativeTarget section */

/* Begin PBXProject section */
		544E5C602420A97A00DD8836 /* Project object */ = {
			isa = PBXProject;
			attributes = {
				LastSwiftUpdateCheck = 1130;
				LastUpgradeCheck = 1130;
				ORGANIZATIONNAME = "Rusen Topcu";
				TargetAttributes = {
					544E5C672420A97A00DD8836 = {
						CreatedOnToolsVersion = 11.3.1;
					};
				};
			};
			buildConfigurationList = 544E5C632420A97A00DD8836 /* Build configuration list for PBXProject "MachineLearningSimpleApp" */;
			compatibilityVersion = "Xcode 9.3";
			developmentRegion = en;
			hasScannedForEncodings = 0;
			knownRegions = (
				en,
				Base,
			);
			mainGroup = 544E5C5F2420A97A00DD8836;
			productRefGroup = 544E5C692420A97A00DD8836 /* Products */;
			projectDirPath = "";
			projectRoot = "";
			targets = (
				544E5C672420A97A00DD8836 /* MachineLearningSimpleApp */,
			);
		};
/* End PBXProject section */

/* Begin PBXResourcesBuildPhase section */
		544E5C662420A97A00DD8836 /* Resources */ = {
			isa = PBXResourcesBuildPhase;
			buildActionMask = 2147483647;
			files = (
				544E5C782420A97F00DD8836 /* LaunchScreen.storyboard in Resources */,
				544E5C752420A97F00DD8836 /* Assets.xcassets in Resources */,
				544E5C732420A97A00DD8836 /* Main.storyboard in Resources */,
			);
			runOnlyForDeploymentPostprocessing = 0;
		};
/* End PBXResourcesBuildPhase section */

/* Begin PBXSourcesBuildPhase section */
		544E5C642420A97A00DD8836 /* Sources */ = {
			isa = PBXSourcesBuildPhase;
			buildActionMask = 2147483647;
			files = (
				544E5C702420A97A00DD8836 /* ViewController.swift in Sources */,
				544E5C6C2420A97A00DD8836 /* AppDelegate.swift in Sources */,
				544E5C802420ACAF00DD8836 /* MobileNetV2.mlmodel in Sources */,
				544E5C6E2420A97A00DD8836 /* SceneDelegate.swift in Sources */,
			);
			runOnlyForDeploymentPostprocessing = 0;
		};
/* End PBXSourcesBuildPhase section */

/* Begin PBXVariantGroup section */
		544E5C712420A97A00DD8836 /* Main.storyboard */ = {
			isa = PBXVariantGroup;
			children = (
				544E5C722420A97A00DD8836 /* Base */,
			);
			name = Main.storyboard;
			sourceTree = "<group>";
		};
		544E5C762420A97F00DD8836 /* LaunchScreen.storyboard */ = {
			isa = PBXVariantGroup;
			children = (
				544E5C772420A97F00DD8836 /* Base */,
			);
			name = LaunchScreen.storyboard;
			sourceTree = "<group>";
		};
/* End PBXVariantGroup section */

/* Begin XCBuildConfiguration section */
		544E5C7A2420A97F00DD8836 /* Debug */ = {
			isa = XCBuildConfiguration;
			buildSettings = {
				ALWAYS_SEARCH_USER_PATHS = NO;
				CLANG_ANALYZER_NONNULL = YES;
				CLANG_ANALYZER_NUMBER_OBJECT_CONVERSION = YES_AGGRESSIVE;
				CLANG_CXX_LANGUAGE_STANDARD = "gnu++14";
				CLANG_CXX_LIBRARY = "libc++";
				CLANG_ENABLE_MODULES = YES;
				CLANG_ENABLE_OBJC_ARC = YES;
				CLANG_ENABLE_OBJC_WEAK = YES;
				CLANG_WARN_BLOCK_CAPTURE_AUTORELEASING = YES;
				CLANG_WARN_BOOL_CONVERSION = YES;
				CLANG_WARN_COMMA = YES;
				CLANG_WARN_CONSTANT_CONVERSION = YES;
				CLANG_WARN_DEPRECATED_OBJC_IMPLEMENTATIONS = YES;
				CLANG_WARN_DIRECT_OBJC_ISA_USAGE = YES_ERROR;
				CLANG_WARN_DOCUMENTATION_COMMENTS = YES;
				CLANG_WARN_EMPTY_BODY = YES;
				CLANG_WARN_ENUM_CONVERSION = YES;
				CLANG_WARN_INFINITE_RECURSION = YES;
				CLANG_WARN_INT_CONVERSION = YES;
				CLANG_WARN_NON_LITERAL_NULL_CONVERSION = YES;
				CLANG_WARN_OBJC_IMPLICIT_RETAIN_SELF = YES;
				CLANG_WARN_OBJC_LITERAL_CONVERSION = YES;
				CLANG_WARN_OBJC_ROOT_CLASS = YES_ERROR;
				CLANG_WARN_RANGE_LOOP_ANALYSIS = YES;
				CLANG_WARN_STRICT_PROTOTYPES = YES;
				CLANG_WARN_SUSPICIOUS_MOVE = YES;
				CLANG_WARN_UNGUARDED_AVAILABILITY = YES_AGGRESSIVE;
				CLANG_WARN_UNREACHABLE_CODE = YES;
				CLANG_WARN__DUPLICATE_METHOD_MATCH = YES;
				COPY_PHASE_STRIP = NO;
				DEBUG_INFORMATION_FORMAT = dwarf;
				ENABLE_STRICT_OBJC_MSGSEND = YES;
				ENABLE_TESTABILITY = YES;
				GCC_C_LANGUAGE_STANDARD = gnu11;
				GCC_DYNAMIC_NO_PIC = NO;
				GCC_NO_COMMON_BLOCKS = YES;
				GCC_OPTIMIZATION_LEVEL = 0;
				GCC_PREPROCESSOR_DEFINITIONS = (
					"DEBUG=1",
					"$(inherited)",
				);
				GCC_WARN_64_TO_32_BIT_CONVERSION = YES;
				GCC_WARN_ABOUT_RETURN_TYPE = YES_ERROR;
				GCC_WARN_UNDECLARED_SELECTOR = YES;
				GCC_WARN_UNINITIALIZED_AUTOS = YES_AGGRESSIVE;
				GCC_WARN_UNUSED_FUNCTION = YES;
				GCC_WARN_UNUSED_VARIABLE = YES;
				IPHONEOS_DEPLOYMENT_TARGET = 13.2;
				MTL_ENABLE_DEBUG_INFO = INCLUDE_SOURCE;
				MTL_FAST_MATH = YES;
				ONLY_ACTIVE_ARCH = YES;
				SDKROOT = iphoneos;
				SWIFT_ACTIVE_COMPILATION_CONDITIONS = DEBUG;
				SWIFT_OPTIMIZATION_LEVEL = "-Onone";
			};
			name = Debug;
		};
		544E5C7B2420A97F00DD8836 /* Release */ = {
			isa = XCBuildConfiguration;
			buildSettings = {
				ALWAYS_SEARCH_USER_PATHS = NO;
				CLANG_ANALYZER_NONNULL = YES;
				CLANG_ANALYZER_NUMBER_OBJECT_CONVERSION = YES_AGGRESSIVE;
				CLANG_CXX_LANGUAGE_STANDARD = "gnu++14";
				CLANG_CXX_LIBRARY = "libc++";
				CLANG_ENABLE_MODULES = YES;
				CLANG_ENABLE_OBJC_ARC = YES;
				CLANG_ENABLE_OBJC_WEAK = YES;
				CLANG_WARN_BLOCK_CAPTURE_AUTORELEASING = YES;
				CLANG_WARN_BOOL_CONVERSION = YES;
				CLANG_WARN_COMMA = YES;
				CLANG_WARN_CONSTANT_CONVERSION = YES;
				CLANG_WARN_DEPRECATED_OBJC_IMPLEMENTATIONS = YES;
				CLANG_WARN_DIRECT_OBJC_ISA_USAGE = YES_ERROR;
				CLANG_WARN_DOCUMENTATION_COMMENTS = YES;
				CLANG_WARN_EMPTY_BODY = YES;
				CLANG_WARN_ENUM_CONVERSION = YES;
				CLANG_WARN_INFINITE_RECURSION = YES;
				CLANG_WARN_INT_CONVERSION = YES;
				CLANG_WARN_NON_LITERAL_NULL_CONVERSION = YES;
				CLANG_WARN_OBJC_IMPLICIT_RETAIN_SELF = YES;
				CLANG_WARN_OBJC_LITERAL_CONVERSION = YES;
				CLANG_WARN_OBJC_ROOT_CLASS = YES_ERROR;
				CLANG_WARN_RANGE_LOOP_ANALYSIS = YES;
				CLANG_WARN_STRICT_PROTOTYPES = YES;
				CLANG_WARN_SUSPICIOUS_MOVE = YES;
				CLANG_WARN_UNGUARDED_AVAILABILITY = YES_AGGRESSIVE;
				CLANG_WARN_UNREACHABLE_CODE = YES;
				CLANG_WARN__DUPLICATE_METHOD_MATCH = YES;
				COPY_PHASE_STRIP = NO;
				DEBUG_INFORMATION_FORMAT = "dwarf-with-dsym";
				ENABLE_NS_ASSERTIONS = NO;
				ENABLE_STRICT_OBJC_MSGSEND = YES;
				GCC_C_LANGUAGE_STANDARD = gnu11;
				GCC_NO_COMMON_BLOCKS = YES;
				GCC_WARN_64_TO_32_BIT_CONVERSION = YES;
				GCC_WARN_ABOUT_RETURN_TYPE = YES_ERROR;
				GCC_WARN_UNDECLARED_SELECTOR = YES;
				GCC_WARN_UNINITIALIZED_AUTOS = YES_AGGRESSIVE;
				GCC_WARN_UNUSED_FUNCTION = YES;
				GCC_WARN_UNUSED_VARIABLE = YES;
				IPHONEOS_DEPLOYMENT_TARGET = 13.2;
				MTL_ENABLE_DEBUG_INFO = NO;
				MTL_FAST_MATH = YES;
				SDKROOT = iphoneos;
				SWIFT_COMPILATION_MODE = wholemodule;
				SWIFT_OPTIMIZATION_LEVEL = "-O";
				VALIDATE_PRODUCT = YES;
			};
			name = Release;
		};
		544E5C7D2420A97F00DD8836 /* Debug */ = {
			isa = XCBuildConfiguration;
			buildSettings = {
				ASSETCATALOG_COMPILER_APPICON_NAME = AppIcon;
				CODE_SIGN_STYLE = Automatic;
				DEVELOPMENT_TEAM = 48Z3M32AFX;
				INFOPLIST_FILE = MachineLearningSimpleApp/Info.plist;
				LD_RUNPATH_SEARCH_PATHS = (
					"$(inherited)",
					"@executable_path/Frameworks",
				);
				PRODUCT_BUNDLE_IDENTIFIER = com.MachineLearningSimpleApp;
				PRODUCT_NAME = "$(TARGET_NAME)";
				SWIFT_VERSION = 5.0;
				TARGETED_DEVICE_FAMILY = "1,2";
			};
			name = Debug;
		};
		544E5C7E2420A97F00DD8836 /* Release */ = {
			isa = XCBuildConfiguration;
			buildSettings = {
				ASSETCATALOG_COMPILER_APPICON_NAME = AppIcon;
				CODE_SIGN_STYLE = Automatic;
				DEVELOPMENT_TEAM = 48Z3M32AFX;
				INFOPLIST_FILE = MachineLearningSimpleApp/Info.plist;
				LD_RUNPATH_SEARCH_PATHS = (
					"$(inherited)",
					"@executable_path/Frameworks",
				);
				PRODUCT_BUNDLE_IDENTIFIER = com.MachineLearningSimpleApp;
				PRODUCT_NAME = "$(TARGET_NAME)";
				SWIFT_VERSION = 5.0;
				TARGETED_DEVICE_FAMILY = "1,2";
			};
			name = Release;
		};
/* End XCBuildConfiguration section */

/* Begin XCConfigurationList section */
		544E5C632420A97A00DD8836 /* Build configuration list for PBXProject "MachineLearningSimpleApp" */ = {
			isa = XCConfigurationList;
			buildConfigurations = (
				544E5C7A2420A97F00DD8836 /* Debug */,
				544E5C7B2420A97F00DD8836 /* Release */,
			);
			defaultConfigurationIsVisible = 0;
			defaultConfigurationName = Release;
		};
		544E5C7C2420A97F00DD8836 /* Build configuration list for PBXNativeTarget "MachineLearningSimpleApp" */ = {
			isa = XCConfigurationList;
			buildConfigurations = (
				544E5C7D2420A97F00DD8836 /* Debug */,
				544E5C7E2420A97F00DD8836 /* Release */,
			);
			defaultConfigurationIsVisible = 0;
			defaultConfigurationName = Release;
		};
/* End XCConfigurationList section */
	};
	rootObject = 544E5C602420A97A00DD8836 /* Project object */;
}
